
Microsoft Visual Studio Solution File, Format Version 12.00
# Visual Studio 2012
Project("{FAE04EC0-301F-11D3-BF4B-00C04F79EFBC}") = "prahSC", "prahSC\prahSC.csproj", "{89F0A5F7-642A-4E50-9617-13FFC867B49A}"
EndProject
Global
	GlobalSection(SolutionConfigurationPlatforms) = preSolution
		Debug|Any CPU = Debug|Any CPU
		Release|Any CPU = Release|Any CPU
	EndGlobalSection
	GlobalSection(ProjectConfigurationPlatforms) = postSolution
		{89F0A5F7-642A-4E50-9617-13FFC867B49A}.Debug|Any CPU.ActiveCfg = Debug|Any CPU
		{89F0A5F7-642A-4E50-9617-13FFC867B49A}.Debug|Any CPU.Build.0 = Debug|Any CPU
		{89F0A5F7-642A-4E50-9617-13FFC867B49A}.Release|Any CPU.ActiveCfg = Release|Any CPU
		{89F0A5F7-642A-4E50-9617-13FFC867B49A}.Release|Any CPU.Build.0 = Release|Any CPU
	EndGlobalSection
	GlobalSection(SolutionProperties) = preSolution
		HideSolutionNode = FALSE
	EndGlobalSection
EndGlobal
